<?xml version="1.0" encoding="utf-8"?>
<Project ToolsVersion="4.0" xmlns="http://schemas.microsoft.com/developer/msbuild/2003">
  <ItemGroup>
    <Filter Include="Source Files">
      <UniqueIdentifier>{4FC737F1-C7A5-4376-A066-2A32D752A2FF}</UniqueIdentifier>
      <Extensions>cpp;c;cc;cxx;def;odl;idl;hpj;bat;asm;asmx</Extensions>
    </Filter>
    <Filter Include="Header Files">
      <UniqueIdentifier>{93995380-89BD-4b04-88EB-625FBE52EBFB}</UniqueIdentifier>
      <Extensions>h;hh;hpp;hxx;hm;inl;inc;xsd</Extensions>
    </Filter>
    <Filter Include="Resource Files">
      <UniqueIdentifier>{67DA6AB6-F800-4c08-8B7A-83BB121AAD01}</UniqueIdentifier>
      <Extensions>rc;ico;cur;bmp;dlg;rc2;rct;bin;rgs;gif;jpg;jpeg;jpe;resx;tiff;tif;png;wav;mfcribbon-ms</Extensions>
    </Filter>
    <Filter Include="Header Files\UI">
      <UniqueIdentifier>{7085621c-3a54-4be3-bfcd-69eacd8f2622}</UniqueIdentifier>
    </Filter>
    <Filter Include="Source Files\UI">
      <UniqueIdentifier>{f6eb2498-924e-40ba-b160-ceeb4cef7aa8}</UniqueIdentifier>
    </Filter>
    <Filter Include="Header Files\Star">
      <UniqueIdentifier>{0cb94060-a580-4a87-9bb4-831e6f404433}</UniqueIdentifier>
    </Filter>
    <Filter Include="Source Files\Star">
      <UniqueIdentifier>{c1083654-a167-4d21-a9c1-300b29afe3ef}</UniqueIdentifier>
    </Filter>
  </ItemGroup>
  <ItemGroup>
    <ClCompile Include="Main.cpp">
      <Filter>Source Files</Filter>
    </ClCompile>
    <ClCompile Include="Engine.cpp">
      <Filter>Source Files</Filter>
    </ClCompile>
    <ClCompile Include="Camera.cpp">
      <Filter>Source Files</Filter>
    </ClCompile>
    <ClCompile Include="UProgressBar.cpp">
      <Filter>Source Files\UI</Filter>
    </ClCompile>
    <ClCompile Include="UButton.cpp">
      <Filter>Source Files\UI</Filter>
    </ClCompile>
    <ClCompile Include="UCanvas.cpp">
      <Filter>Source Files\UI</Filter>
    </ClCompile>
    <ClCompile Include="UCheckBox.cpp">
      <Filter>Source Files\UI</Filter>
    </ClCompile>
    <ClCompile Include="UI.cpp">
      <Filter>Source Files\UI</Filter>
    </ClCompile>
    <ClCompile Include="UImage.cpp">
      <Filter>Source Files\UI</Filter>
    </ClCompile>
    <ClCompile Include="UPanel.cpp">
      <Filter>Source Files\UI</Filter>
    </ClCompile>
    <ClCompile Include="UTextBox.cpp">
      <Filter>Source Files\UI</Filter>
    </ClCompile>
    <ClCompile Include="USlider.cpp">
      <Filter>Source Files\UI</Filter>
    </ClCompile>
    <ClCompile Include="UText.cpp">
      <Filter>Source Files\UI</Filter>
    </ClCompile>
    <ClCompile Include="Star.cpp">
      <Filter>Source Files\Star</Filter>
    </ClCompile>
    <ClCompile Include="StarNamesGenerators.cpp">
      <Filter>Source Files\Star</Filter>
    </ClCompile>
    <ClCompile Include="Generators.cpp">
      <Filter>Source Files\Star</Filter>
    </ClCompile>
    <ClCompile Include="UElement.cpp">
      <Filter>Source Files</Filter>
    </ClCompile>
  </ItemGroup>
  <ItemGroup>
    <ClInclude Include="Engine.h">
      <Filter>Header Files</Filter>
    </ClInclude>
    <ClInclude Include="Camera.h">
      <Filter>Header Files</Filter>
    </ClInclude>
    <ClInclude Include="UButton.h">
      <Filter>Header Files\UI</Filter>
    </ClInclude>
    <ClInclude Include="UCanvas.h">
      <Filter>Header Files\UI</Filter>
    </ClInclude>
    <ClInclude Include="UCheckBox.h">
      <Filter>Header Files\UI</Filter>
    </ClInclude>
    <ClInclude Include="UI.h">
      <Filter>Header Files\UI</Filter>
    </ClInclude>
    <ClInclude Include="UImage.h">
      <Filter>Header Files\UI</Filter>
    </ClInclude>
    <ClInclude Include="UPanel.h">
      <Filter>Header Files\UI</Filter>
    </ClInclude>
    <ClInclude Include="UProgressBar.h">
      <Filter>Header Files\UI</Filter>
    </ClInclude>
    <ClInclude Include="UTextBox.h">
      <Filter>Header Files\UI</Filter>
    </ClInclude>
    <ClInclude Include="USlider.h">
      <Filter>Header Files\UI</Filter>
    </ClInclude>
    <ClInclude Include="UText.h">
      <Filter>Header Files\UI</Filter>
    </ClInclude>
    <ClInclude Include="StarNamesGenerators.h">
      <Filter>Header Files\Star</Filter>
    </ClInclude>
    <ClInclude Include="Star.h">
      <Filter>Header Files\Star</Filter>
    </ClInclude>
    <ClInclude Include="Generators.h">
      <Filter>Header Files\Star</Filter>
    </ClInclude>
    <ClInclude Include="UElement.h">
      <Filter>Header Files</Filter>
    </ClInclude>
  </ItemGroup>
  <ItemGroup>
    <Font Include="Baumans-Regular.ttf">
      <Filter>Resource Files</Filter>
    </Font>
    <Font Include="cuyabra.otf">
      <Filter>Resource Files</Filter>
    </Font>
  </ItemGroup>
</Project>